// !$*UTF8*$!
{
	archiveVersion = 1;
	classes = {
	};
	objectVersion = 56;
	objects = {

/* Begin PBXBuildFile section */
		FF1DE9AB2A8784C500501DD0 /* RemoteFeedLoader.swift in Sources */ = {isa = PBXBuildFile; fileRef = FF1DE9AA2A8784C500501DD0 /* RemoteFeedLoader.swift */; };
		FF1E75992A857B7800014F5A /* LoadFeedFromRemoteUseCaseTests.swift in Sources */ = {isa = PBXBuildFile; fileRef = FF1E75982A857B7800014F5A /* LoadFeedFromRemoteUseCaseTests.swift */; };
		FF57309B2A9BCEB6001698A8 /* EssentialFeedEndToEndAPITests.swift in Sources */ = {isa = PBXBuildFile; fileRef = FF57309A2A9BCEB6001698A8 /* EssentialFeedEndToEndAPITests.swift */; };
		FF57309C2A9BCEB6001698A8 /* EssentialFeed.framework in Frameworks */ = {isa = PBXBuildFile; fileRef = FF6D06F02A84302300E349AF /* EssentialFeed.framework */; };
		FF5730A22A9BD08E001698A8 /* XCTestCase+MemoryLeakTracking.swift in Sources */ = {isa = PBXBuildFile; fileRef = FFAA52042A962C9E003303EC /* XCTestCase+MemoryLeakTracking.swift */; };
		FF5AAB762ADD2660005D9F37 /* FeedCachePolicy.swift in Sources */ = {isa = PBXBuildFile; fileRef = FF5AAB752ADD2660005D9F37 /* FeedCachePolicy.swift */; };
		FF5AAB782ADD3F5D005D9F37 /* CodableFeedStoreTests.swift in Sources */ = {isa = PBXBuildFile; fileRef = FF5AAB772ADD3F5D005D9F37 /* CodableFeedStoreTests.swift */; };
		FF6D06F52A84302300E349AF /* EssentialFeed.docc in Sources */ = {isa = PBXBuildFile; fileRef = FF6D06F42A84302300E349AF /* EssentialFeed.docc */; };
		FF6D06FB2A84302300E349AF /* EssentialFeed.framework in Frameworks */ = {isa = PBXBuildFile; fileRef = FF6D06F02A84302300E349AF /* EssentialFeed.framework */; };
		FF6D07012A84302300E349AF /* EssentialFeed.h in Headers */ = {isa = PBXBuildFile; fileRef = FF6D06F32A84302300E349AF /* EssentialFeed.h */; settings = {ATTRIBUTES = (Public, ); }; };
		FF6D070B2A84306700E349AF /* FeedImage.swift in Sources */ = {isa = PBXBuildFile; fileRef = FF6D070A2A84306700E349AF /* FeedImage.swift */; };
		FF6D070D2A84323D00E349AF /* FeedLoader.swift in Sources */ = {isa = PBXBuildFile; fileRef = FF6D070C2A84323D00E349AF /* FeedLoader.swift */; };
		FF6E20962AD40CE3001EEAB9 /* ValidateFeedCacheUseCaseTests.swift in Sources */ = {isa = PBXBuildFile; fileRef = FF6E20952AD40CE3001EEAB9 /* ValidateFeedCacheUseCaseTests.swift */; };
		FF6E20982AD42074001EEAB9 /* FeedCacheTestHelpers.swift in Sources */ = {isa = PBXBuildFile; fileRef = FF6E20972AD42074001EEAB9 /* FeedCacheTestHelpers.swift */; };
		FF6E209A2AD4210A001EEAB9 /* SharedTestHelpers.swift in Sources */ = {isa = PBXBuildFile; fileRef = FF6E20992AD4210A001EEAB9 /* SharedTestHelpers.swift */; };
		FF9D62302AAF136300D48201 /* FeedStore.swift in Sources */ = {isa = PBXBuildFile; fileRef = FF9D622F2AAF136300D48201 /* FeedStore.swift */; };
		FF9D62322AAF137D00D48201 /* LocalFeedLoader.swift in Sources */ = {isa = PBXBuildFile; fileRef = FF9D62312AAF137D00D48201 /* LocalFeedLoader.swift */; };
		FF9D62342AAF3DA100D48201 /* LocalFeedImage.swift in Sources */ = {isa = PBXBuildFile; fileRef = FF9D62332AAF3DA100D48201 /* LocalFeedImage.swift */; };
		FF9D62362AAF3DC500D48201 /* RemoteFeedItem.swift in Sources */ = {isa = PBXBuildFile; fileRef = FF9D62352AAF3DC500D48201 /* RemoteFeedItem.swift */; };
		FF9D62382AB0547E00D48201 /* LoadFeedFromCacheUseCaseTests.swift in Sources */ = {isa = PBXBuildFile; fileRef = FF9D62372AB0547E00D48201 /* LoadFeedFromCacheUseCaseTests.swift */; };
		FF9D623B2AB054DA00D48201 /* FeedStoreSpy.swift in Sources */ = {isa = PBXBuildFile; fileRef = FF9D623A2AB054DA00D48201 /* FeedStoreSpy.swift */; };
		FFAA52052A962C9E003303EC /* XCTestCase+MemoryLeakTracking.swift in Sources */ = {isa = PBXBuildFile; fileRef = FFAA52042A962C9E003303EC /* XCTestCase+MemoryLeakTracking.swift */; };
		FFAA52262A963DDE0088F70C /* URLSessionHTTPClieant.swift in Sources */ = {isa = PBXBuildFile; fileRef = FFAA52242A963D8F0088F70C /* URLSessionHTTPClieant.swift */; };
		FFB14BFA2A92B3D900B8016C /* URLSessionHTTPClientTests.swift in Sources */ = {isa = PBXBuildFile; fileRef = FFB14BF92A92B3D900B8016C /* URLSessionHTTPClientTests.swift */; };
		FFDB15A22AAA5368004AF253 /* CacheFeedUseCaseTests.swift in Sources */ = {isa = PBXBuildFile; fileRef = FFDB15A12AAA5368004AF253 /* CacheFeedUseCaseTests.swift */; };
		FFF30DF42A8D671200C45646 /* HTTPClient.swift in Sources */ = {isa = PBXBuildFile; fileRef = FFF30DF32A8D671200C45646 /* HTTPClient.swift */; };
		FFF30DF62A8D676800C45646 /* FeedItemsMapper.swift in Sources */ = {isa = PBXBuildFile; fileRef = FFF30DF52A8D676800C45646 /* FeedItemsMapper.swift */; };
/* End PBXBuildFile section */

/* Begin PBXContainerItemProxy section */
		FF57309D2A9BCEB6001698A8 /* PBXContainerItemProxy */ = {
			isa = PBXContainerItemProxy;
			containerPortal = FF6D06E72A84302300E349AF /* Project object */;
			proxyType = 1;
			remoteGlobalIDString = FF6D06EF2A84302300E349AF;
			remoteInfo = EssentialFeed;
		};
		FF6D06FC2A84302300E349AF /* PBXContainerItemProxy */ = {
			isa = PBXContainerItemProxy;
			containerPortal = FF6D06E72A84302300E349AF /* Project object */;
			proxyType = 1;
			remoteGlobalIDString = FF6D06EF2A84302300E349AF;
			remoteInfo = EssentialFeed;
		};
/* End PBXContainerItemProxy section */

/* Begin PBXFileReference section */
		FF0AEE8B2A9BD52400C82BC2 /* CI.xctestplan */ = {isa = PBXFileReference; lastKnownFileType = text; path = CI.xctestplan; sourceTree = "<group>"; };
		FF1DE9AA2A8784C500501DD0 /* RemoteFeedLoader.swift */ = {isa = PBXFileReference; lastKnownFileType = sourcecode.swift; path = RemoteFeedLoader.swift; sourceTree = "<group>"; };
		FF1E75982A857B7800014F5A /* LoadFeedFromRemoteUseCaseTests.swift */ = {isa = PBXFileReference; lastKnownFileType = sourcecode.swift; path = LoadFeedFromRemoteUseCaseTests.swift; sourceTree = "<group>"; };
		FF33C9702A97844B0008A042 /* EssentialFeed.xctestplan */ = {isa = PBXFileReference; lastKnownFileType = text; path = EssentialFeed.xctestplan; sourceTree = "<group>"; };
		FF5730982A9BCEB6001698A8 /* EssentialFeedEndToEndAPITests.xctest */ = {isa = PBXFileReference; explicitFileType = wrapper.cfbundle; includeInIndex = 0; path = EssentialFeedEndToEndAPITests.xctest; sourceTree = BUILT_PRODUCTS_DIR; };
		FF57309A2A9BCEB6001698A8 /* EssentialFeedEndToEndAPITests.swift */ = {isa = PBXFileReference; lastKnownFileType = sourcecode.swift; path = EssentialFeedEndToEndAPITests.swift; sourceTree = "<group>"; };
		FF5AAB752ADD2660005D9F37 /* FeedCachePolicy.swift */ = {isa = PBXFileReference; lastKnownFileType = sourcecode.swift; path = FeedCachePolicy.swift; sourceTree = "<group>"; };
		FF5AAB772ADD3F5D005D9F37 /* CodableFeedStoreTests.swift */ = {isa = PBXFileReference; lastKnownFileType = sourcecode.swift; path = CodableFeedStoreTests.swift; sourceTree = "<group>"; };
		FF6D06F02A84302300E349AF /* EssentialFeed.framework */ = {isa = PBXFileReference; explicitFileType = wrapper.framework; includeInIndex = 0; path = EssentialFeed.framework; sourceTree = BUILT_PRODUCTS_DIR; };
		FF6D06F32A84302300E349AF /* EssentialFeed.h */ = {isa = PBXFileReference; lastKnownFileType = sourcecode.c.h; path = EssentialFeed.h; sourceTree = "<group>"; };
		FF6D06F42A84302300E349AF /* EssentialFeed.docc */ = {isa = PBXFileReference; lastKnownFileType = folder.documentationcatalog; path = EssentialFeed.docc; sourceTree = "<group>"; };
		FF6D06FA2A84302300E349AF /* EssentialFeedTests.xctest */ = {isa = PBXFileReference; explicitFileType = wrapper.cfbundle; includeInIndex = 0; path = EssentialFeedTests.xctest; sourceTree = BUILT_PRODUCTS_DIR; };
		FF6D070A2A84306700E349AF /* FeedImage.swift */ = {isa = PBXFileReference; lastKnownFileType = sourcecode.swift; path = FeedImage.swift; sourceTree = "<group>"; };
		FF6D070C2A84323D00E349AF /* FeedLoader.swift */ = {isa = PBXFileReference; lastKnownFileType = sourcecode.swift; path = FeedLoader.swift; sourceTree = "<group>"; };
		FF6E20952AD40CE3001EEAB9 /* ValidateFeedCacheUseCaseTests.swift */ = {isa = PBXFileReference; lastKnownFileType = sourcecode.swift; path = ValidateFeedCacheUseCaseTests.swift; sourceTree = "<group>"; };
		FF6E20972AD42074001EEAB9 /* FeedCacheTestHelpers.swift */ = {isa = PBXFileReference; lastKnownFileType = sourcecode.swift; path = FeedCacheTestHelpers.swift; sourceTree = "<group>"; };
		FF6E20992AD4210A001EEAB9 /* SharedTestHelpers.swift */ = {isa = PBXFileReference; lastKnownFileType = sourcecode.swift; path = SharedTestHelpers.swift; sourceTree = "<group>"; };
		FF9D622F2AAF136300D48201 /* FeedStore.swift */ = {isa = PBXFileReference; lastKnownFileType = sourcecode.swift; path = FeedStore.swift; sourceTree = "<group>"; };
		FF9D62312AAF137D00D48201 /* LocalFeedLoader.swift */ = {isa = PBXFileReference; lastKnownFileType = sourcecode.swift; path = LocalFeedLoader.swift; sourceTree = "<group>"; };
		FF9D62332AAF3DA100D48201 /* LocalFeedImage.swift */ = {isa = PBXFileReference; lastKnownFileType = sourcecode.swift; path = LocalFeedImage.swift; sourceTree = "<group>"; };
		FF9D62352AAF3DC500D48201 /* RemoteFeedItem.swift */ = {isa = PBXFileReference; lastKnownFileType = sourcecode.swift; path = RemoteFeedItem.swift; sourceTree = "<group>"; };
		FF9D62372AB0547E00D48201 /* LoadFeedFromCacheUseCaseTests.swift */ = {isa = PBXFileReference; lastKnownFileType = sourcecode.swift; path = LoadFeedFromCacheUseCaseTests.swift; sourceTree = "<group>"; };
		FF9D623A2AB054DA00D48201 /* FeedStoreSpy.swift */ = {isa = PBXFileReference; lastKnownFileType = sourcecode.swift; path = FeedStoreSpy.swift; sourceTree = "<group>"; };
		FFAA52042A962C9E003303EC /* XCTestCase+MemoryLeakTracking.swift */ = {isa = PBXFileReference; lastKnownFileType = sourcecode.swift; path = "XCTestCase+MemoryLeakTracking.swift"; sourceTree = "<group>"; };
		FFAA52242A963D8F0088F70C /* URLSessionHTTPClieant.swift */ = {isa = PBXFileReference; lastKnownFileType = sourcecode.swift; path = URLSessionHTTPClieant.swift; sourceTree = "<group>"; };
		FFB14BF92A92B3D900B8016C /* URLSessionHTTPClientTests.swift */ = {isa = PBXFileReference; lastKnownFileType = sourcecode.swift; path = URLSessionHTTPClientTests.swift; sourceTree = "<group>"; };
		FFDB15A12AAA5368004AF253 /* CacheFeedUseCaseTests.swift */ = {isa = PBXFileReference; lastKnownFileType = sourcecode.swift; path = CacheFeedUseCaseTests.swift; sourceTree = "<group>"; };
		FFF30DF32A8D671200C45646 /* HTTPClient.swift */ = {isa = PBXFileReference; lastKnownFileType = sourcecode.swift; path = HTTPClient.swift; sourceTree = "<group>"; };
		FFF30DF52A8D676800C45646 /* FeedItemsMapper.swift */ = {isa = PBXFileReference; lastKnownFileType = sourcecode.swift; path = FeedItemsMapper.swift; sourceTree = "<group>"; };
/* End PBXFileReference section */

/* Begin PBXFrameworksBuildPhase section */
		FF5730952A9BCEB6001698A8 /* Frameworks */ = {
			isa = PBXFrameworksBuildPhase;
			buildActionMask = 2147483647;
			files = (
				FF57309C2A9BCEB6001698A8 /* EssentialFeed.framework in Frameworks */,
			);
			runOnlyForDeploymentPostprocessing = 0;
		};
		FF6D06ED2A84302300E349AF /* Frameworks */ = {
			isa = PBXFrameworksBuildPhase;
			buildActionMask = 2147483647;
			files = (
			);
			runOnlyForDeploymentPostprocessing = 0;
		};
		FF6D06F72A84302300E349AF /* Frameworks */ = {
			isa = PBXFrameworksBuildPhase;
			buildActionMask = 2147483647;
			files = (
				FF6D06FB2A84302300E349AF /* EssentialFeed.framework in Frameworks */,
			);
			runOnlyForDeploymentPostprocessing = 0;
		};
/* End PBXFrameworksBuildPhase section */

/* Begin PBXGroup section */
		FF1DE9AC2A8784F300501DD0 /* Feed API */ = {
			isa = PBXGroup;
			children = (
				FFF30DF52A8D676800C45646 /* FeedItemsMapper.swift */,
				FF9D62352AAF3DC500D48201 /* RemoteFeedItem.swift */,
				FFF30DF32A8D671200C45646 /* HTTPClient.swift */,
				FF1DE9AA2A8784C500501DD0 /* RemoteFeedLoader.swift */,
				FFAA52242A963D8F0088F70C /* URLSessionHTTPClieant.swift */,
			);
			path = "Feed API";
			sourceTree = "<group>";
		};
		FF5730992A9BCEB6001698A8 /* EssentialFeedEndToEndAPITests */ = {
			isa = PBXGroup;
			children = (
				FF57309A2A9BCEB6001698A8 /* EssentialFeedEndToEndAPITests.swift */,
			);
			path = EssentialFeedEndToEndAPITests;
			sourceTree = "<group>";
		};
		FF6D06E62A84302300E349AF = {
			isa = PBXGroup;
			children = (
				FF0AEE8B2A9BD52400C82BC2 /* CI.xctestplan */,
				FF33C9702A97844B0008A042 /* EssentialFeed.xctestplan */,
				FF6D06F22A84302300E349AF /* EssentialFeed */,
				FF6D06FE2A84302300E349AF /* EssentialFeedTests */,
				FF5730992A9BCEB6001698A8 /* EssentialFeedEndToEndAPITests */,
				FF6D06F12A84302300E349AF /* Products */,
			);
			sourceTree = "<group>";
		};
		FF6D06F12A84302300E349AF /* Products */ = {
			isa = PBXGroup;
			children = (
				FF6D06F02A84302300E349AF /* EssentialFeed.framework */,
				FF6D06FA2A84302300E349AF /* EssentialFeedTests.xctest */,
				FF5730982A9BCEB6001698A8 /* EssentialFeedEndToEndAPITests.xctest */,
			);
			name = Products;
			sourceTree = "<group>";
		};
		FF6D06F22A84302300E349AF /* EssentialFeed */ = {
			isa = PBXGroup;
			children = (
				FF6D06F32A84302300E349AF /* EssentialFeed.h */,
				FF9D622E2AAF134E00D48201 /* Feed Cache */,
				FF1DE9AC2A8784F300501DD0 /* Feed API */,
				FF6D070E2A84335E00E349AF /* FeedFeature */,
				FF6D06F42A84302300E349AF /* EssentialFeed.docc */,
			);
			path = EssentialFeed;
			sourceTree = "<group>";
		};
		FF6D06FE2A84302300E349AF /* EssentialFeedTests */ = {
			isa = PBXGroup;
			children = (
				FFAA52032A962C45003303EC /* Helpers */,
				FFF30DF72A8D6F0500C45646 /* Feed API */,
				FFDB15A32AAA5370004AF253 /* Feed Cache */,
			);
			path = EssentialFeedTests;
			sourceTree = "<group>";
		};
		FF6D070E2A84335E00E349AF /* FeedFeature */ = {
			isa = PBXGroup;
			children = (
				FF6D070A2A84306700E349AF /* FeedImage.swift */,
				FF6D070C2A84323D00E349AF /* FeedLoader.swift */,
			);
			path = FeedFeature;
			sourceTree = "<group>";
		};
		FF9D622E2AAF134E00D48201 /* Feed Cache */ = {
			isa = PBXGroup;
			children = (
				FF9D622F2AAF136300D48201 /* FeedStore.swift */,
				FF9D62332AAF3DA100D48201 /* LocalFeedImage.swift */,
				FF9D62312AAF137D00D48201 /* LocalFeedLoader.swift */,
				FF5AAB752ADD2660005D9F37 /* FeedCachePolicy.swift */,
			);
			path = "Feed Cache";
			sourceTree = "<group>";
		};
		FF9D62392AB054C500D48201 /* Helpers */ = {
			isa = PBXGroup;
			children = (
				FF9D623A2AB054DA00D48201 /* FeedStoreSpy.swift */,
				FF6E20972AD42074001EEAB9 /* FeedCacheTestHelpers.swift */,
			);
			path = Helpers;
			sourceTree = "<group>";
		};
		FFAA52032A962C45003303EC /* Helpers */ = {
			isa = PBXGroup;
			children = (
				FFAA52042A962C9E003303EC /* XCTestCase+MemoryLeakTracking.swift */,
				FF6E20992AD4210A001EEAB9 /* SharedTestHelpers.swift */,
			);
			path = Helpers;
			sourceTree = "<group>";
		};
		FFDB15A32AAA5370004AF253 /* Feed Cache */ = {
			isa = PBXGroup;
			children = (
				FF9D62392AB054C500D48201 /* Helpers */,
				FFDB15A12AAA5368004AF253 /* CacheFeedUseCaseTests.swift */,
				FF9D62372AB0547E00D48201 /* LoadFeedFromCacheUseCaseTests.swift */,
				FF6E20952AD40CE3001EEAB9 /* ValidateFeedCacheUseCaseTests.swift */,
				FF5AAB772ADD3F5D005D9F37 /* CodableFeedStoreTests.swift */,
			);
			path = "Feed Cache";
			sourceTree = "<group>";
		};
		FFF30DF72A8D6F0500C45646 /* Feed API */ = {
			isa = PBXGroup;
			children = (
				FF1E75982A857B7800014F5A /* LoadFeedFromRemoteUseCaseTests.swift */,
				FFB14BF92A92B3D900B8016C /* URLSessionHTTPClientTests.swift */,
			);
			path = "Feed API";
			sourceTree = "<group>";
		};
/* End PBXGroup section */

/* Begin PBXHeadersBuildPhase section */
		FF6D06EB2A84302300E349AF /* Headers */ = {
			isa = PBXHeadersBuildPhase;
			buildActionMask = 2147483647;
			files = (
				FF6D07012A84302300E349AF /* EssentialFeed.h in Headers */,
			);
			runOnlyForDeploymentPostprocessing = 0;
		};
/* End PBXHeadersBuildPhase section */

/* Begin PBXNativeTarget section */
		FF5730972A9BCEB6001698A8 /* EssentialFeedEndToEndAPITests */ = {
			isa = PBXNativeTarget;
			buildConfigurationList = FF5730A12A9BCEB6001698A8 /* Build configuration list for PBXNativeTarget "EssentialFeedEndToEndAPITests" */;
			buildPhases = (
				FF5730942A9BCEB6001698A8 /* Sources */,
				FF5730952A9BCEB6001698A8 /* Frameworks */,
				FF5730962A9BCEB6001698A8 /* Resources */,
			);
			buildRules = (
			);
			dependencies = (
				FF57309E2A9BCEB6001698A8 /* PBXTargetDependency */,
			);
			name = EssentialFeedEndToEndAPITests;
			productName = EssentialFeedEndToEndAPITests;
			productReference = FF5730982A9BCEB6001698A8 /* EssentialFeedEndToEndAPITests.xctest */;
			productType = "com.apple.product-type.bundle.unit-test";
		};
		FF6D06EF2A84302300E349AF /* EssentialFeed */ = {
			isa = PBXNativeTarget;
			buildConfigurationList = FF6D07042A84302300E349AF /* Build configuration list for PBXNativeTarget "EssentialFeed" */;
			buildPhases = (
				FF6D06EB2A84302300E349AF /* Headers */,
				FF6D06EC2A84302300E349AF /* Sources */,
				FF6D06ED2A84302300E349AF /* Frameworks */,
				FF6D06EE2A84302300E349AF /* Resources */,
			);
			buildRules = (
			);
			dependencies = (
			);
			name = EssentialFeed;
			productName = EssentialFeed;
			productReference = FF6D06F02A84302300E349AF /* EssentialFeed.framework */;
			productType = "com.apple.product-type.framework";
		};
		FF6D06F92A84302300E349AF /* EssentialFeedTests */ = {
			isa = PBXNativeTarget;
			buildConfigurationList = FF6D07072A84302300E349AF /* Build configuration list for PBXNativeTarget "EssentialFeedTests" */;
			buildPhases = (
				FF6D06F62A84302300E349AF /* Sources */,
				FF6D06F72A84302300E349AF /* Frameworks */,
				FF6D06F82A84302300E349AF /* Resources */,
			);
			buildRules = (
			);
			dependencies = (
				FF6D06FD2A84302300E349AF /* PBXTargetDependency */,
			);
			name = EssentialFeedTests;
			productName = EssentialFeedTests;
			productReference = FF6D06FA2A84302300E349AF /* EssentialFeedTests.xctest */;
			productType = "com.apple.product-type.bundle.unit-test";
		};
/* End PBXNativeTarget section */

/* Begin PBXProject section */
		FF6D06E72A84302300E349AF /* Project object */ = {
			isa = PBXProject;
			attributes = {
				BuildIndependentTargetsInParallel = 1;
				LastSwiftUpdateCheck = 1430;
				LastUpgradeCheck = 1430;
				TargetAttributes = {
					FF5730972A9BCEB6001698A8 = {
						CreatedOnToolsVersion = 14.3.1;
					};
					FF6D06EF2A84302300E349AF = {
						CreatedOnToolsVersion = 14.3.1;
					};
					FF6D06F92A84302300E349AF = {
						CreatedOnToolsVersion = 14.3.1;
					};
				};
			};
			buildConfigurationList = FF6D06EA2A84302300E349AF /* Build configuration list for PBXProject "EssentialFeed" */;
			compatibilityVersion = "Xcode 14.0";
			developmentRegion = en;
			hasScannedForEncodings = 0;
			knownRegions = (
				en,
				Base,
			);
			mainGroup = FF6D06E62A84302300E349AF;
			productRefGroup = FF6D06F12A84302300E349AF /* Products */;
			projectDirPath = "";
			projectRoot = "";
			targets = (
				FF6D06EF2A84302300E349AF /* EssentialFeed */,
				FF6D06F92A84302300E349AF /* EssentialFeedTests */,
				FF5730972A9BCEB6001698A8 /* EssentialFeedEndToEndAPITests */,
			);
		};
/* End PBXProject section */

/* Begin PBXResourcesBuildPhase section */
		FF5730962A9BCEB6001698A8 /* Resources */ = {
			isa = PBXResourcesBuildPhase;
			buildActionMask = 2147483647;
			files = (
			);
			runOnlyForDeploymentPostprocessing = 0;
		};
		FF6D06EE2A84302300E349AF /* Resources */ = {
			isa = PBXResourcesBuildPhase;
			buildActionMask = 2147483647;
			files = (
			);
			runOnlyForDeploymentPostprocessing = 0;
		};
		FF6D06F82A84302300E349AF /* Resources */ = {
			isa = PBXResourcesBuildPhase;
			buildActionMask = 2147483647;
			files = (
			);
			runOnlyForDeploymentPostprocessing = 0;
		};
/* End PBXResourcesBuildPhase section */

/* Begin PBXSourcesBuildPhase section */
		FF5730942A9BCEB6001698A8 /* Sources */ = {
			isa = PBXSourcesBuildPhase;
			buildActionMask = 2147483647;
			files = (
				FF57309B2A9BCEB6001698A8 /* EssentialFeedEndToEndAPITests.swift in Sources */,
				FF5730A22A9BD08E001698A8 /* XCTestCase+MemoryLeakTracking.swift in Sources */,
			);
			runOnlyForDeploymentPostprocessing = 0;
		};
		FF6D06EC2A84302300E349AF /* Sources */ = {
			isa = PBXSourcesBuildPhase;
			buildActionMask = 2147483647;
			files = (
				FF9D62322AAF137D00D48201 /* LocalFeedLoader.swift in Sources */,
				FF1DE9AB2A8784C500501DD0 /* RemoteFeedLoader.swift in Sources */,
				FFAA52262A963DDE0088F70C /* URLSessionHTTPClieant.swift in Sources */,
				FFF30DF42A8D671200C45646 /* HTTPClient.swift in Sources */,
				FF9D62342AAF3DA100D48201 /* LocalFeedImage.swift in Sources */,
				FF9D62302AAF136300D48201 /* FeedStore.swift in Sources */,
				FF6D070D2A84323D00E349AF /* FeedLoader.swift in Sources */,
				FFF30DF62A8D676800C45646 /* FeedItemsMapper.swift in Sources */,
				FF5AAB762ADD2660005D9F37 /* FeedCachePolicy.swift in Sources */,
				FF6D070B2A84306700E349AF /* FeedImage.swift in Sources */,
				FF9D62362AAF3DC500D48201 /* RemoteFeedItem.swift in Sources */,
				FF6D06F52A84302300E349AF /* EssentialFeed.docc in Sources */,
			);
			runOnlyForDeploymentPostprocessing = 0;
		};
		FF6D06F62A84302300E349AF /* Sources */ = {
			isa = PBXSourcesBuildPhase;
			buildActionMask = 2147483647;
			files = (
				FF5AAB782ADD3F5D005D9F37 /* CodableFeedStoreTests.swift in Sources */,
				FF6E20982AD42074001EEAB9 /* FeedCacheTestHelpers.swift in Sources */,
				FF6E20962AD40CE3001EEAB9 /* ValidateFeedCacheUseCaseTests.swift in Sources */,
				FF1E75992A857B7800014F5A /* LoadFeedFromRemoteUseCaseTests.swift in Sources */,
				FFB14BFA2A92B3D900B8016C /* URLSessionHTTPClientTests.swift in Sources */,
				FF9D623B2AB054DA00D48201 /* FeedStoreSpy.swift in Sources */,
				FF6E209A2AD4210A001EEAB9 /* SharedTestHelpers.swift in Sources */,
				FFDB15A22AAA5368004AF253 /* CacheFeedUseCaseTests.swift in Sources */,
				FF9D62382AB0547E00D48201 /* LoadFeedFromCacheUseCaseTests.swift in Sources */,
				FFAA52052A962C9E003303EC /* XCTestCase+MemoryLeakTracking.swift in Sources */,
			);
			runOnlyForDeploymentPostprocessing = 0;
		};
/* End PBXSourcesBuildPhase section */

/* Begin PBXTargetDependency section */
		FF57309E2A9BCEB6001698A8 /* PBXTargetDependency */ = {
			isa = PBXTargetDependency;
			target = FF6D06EF2A84302300E349AF /* EssentialFeed */;
			targetProxy = FF57309D2A9BCEB6001698A8 /* PBXContainerItemProxy */;
		};
		FF6D06FD2A84302300E349AF /* PBXTargetDependency */ = {
			isa = PBXTargetDependency;
			target = FF6D06EF2A84302300E349AF /* EssentialFeed */;
			targetProxy = FF6D06FC2A84302300E349AF /* PBXContainerItemProxy */;
		};
/* End PBXTargetDependency section */

/* Begin XCBuildConfiguration section */
		FF57309F2A9BCEB6001698A8 /* Debug */ = {
			isa = XCBuildConfiguration;
			buildSettings = {
				"CODE_SIGN_IDENTITY[sdk=macosx*]" = "-";
				CODE_SIGN_STYLE = Manual;
				CURRENT_PROJECT_VERSION = 1;
				DEVELOPMENT_TEAM = 3YSDH38TUD;
				GENERATE_INFOPLIST_FILE = YES;
				MACOSX_DEPLOYMENT_TARGET = 12.4;
				MARKETING_VERSION = 1.0;
				PRODUCT_BUNDLE_IDENTIFIER = mazvydask.EssentialFeedEndToEndAPITests;
				PRODUCT_NAME = "$(TARGET_NAME)";
				SWIFT_EMIT_LOC_STRINGS = NO;
				SWIFT_VERSION = 5.0;
				TARGETED_DEVICE_FAMILY = "1,2";
			};
			name = Debug;
		};
		FF5730A02A9BCEB6001698A8 /* Release */ = {
			isa = XCBuildConfiguration;
			buildSettings = {
				"CODE_SIGN_IDENTITY[sdk=macosx*]" = "-";
				CODE_SIGN_STYLE = Manual;
				CURRENT_PROJECT_VERSION = 1;
				DEVELOPMENT_TEAM = 3YSDH38TUD;
				GENERATE_INFOPLIST_FILE = YES;
				MACOSX_DEPLOYMENT_TARGET = 12.4;
				MARKETING_VERSION = 1.0;
				PRODUCT_BUNDLE_IDENTIFIER = mazvydask.EssentialFeedEndToEndAPITests;
				PRODUCT_NAME = "$(TARGET_NAME)";
				SWIFT_EMIT_LOC_STRINGS = NO;
				SWIFT_VERSION = 5.0;
				TARGETED_DEVICE_FAMILY = "1,2";
			};
			name = Release;
		};
		FF6D07022A84302300E349AF /* Debug */ = {
			isa = XCBuildConfiguration;
			buildSettings = {
				ALWAYS_SEARCH_USER_PATHS = NO;
				CLANG_ANALYZER_NONNULL = YES;
				CLANG_ANALYZER_NUMBER_OBJECT_CONVERSION = YES_AGGRESSIVE;
				CLANG_CXX_LANGUAGE_STANDARD = "gnu++20";
				CLANG_ENABLE_MODULES = YES;
				CLANG_ENABLE_OBJC_ARC = YES;
				CLANG_ENABLE_OBJC_WEAK = YES;
				CLANG_WARN_BLOCK_CAPTURE_AUTORELEASING = YES;
				CLANG_WARN_BOOL_CONVERSION = YES;
				CLANG_WARN_COMMA = YES;
				CLANG_WARN_CONSTANT_CONVERSION = YES;
				CLANG_WARN_DEPRECATED_OBJC_IMPLEMENTATIONS = YES;
				CLANG_WARN_DIRECT_OBJC_ISA_USAGE = YES_ERROR;
				CLANG_WARN_DOCUMENTATION_COMMENTS = YES;
				CLANG_WARN_EMPTY_BODY = YES;
				CLANG_WARN_ENUM_CONVERSION = YES;
				CLANG_WARN_INFINITE_RECURSION = YES;
				CLANG_WARN_INT_CONVERSION = YES;
				CLANG_WARN_NON_LITERAL_NULL_CONVERSION = YES;
				CLANG_WARN_OBJC_IMPLICIT_RETAIN_SELF = YES;
				CLANG_WARN_OBJC_LITERAL_CONVERSION = YES;
				CLANG_WARN_OBJC_ROOT_CLASS = YES_ERROR;
				CLANG_WARN_QUOTED_INCLUDE_IN_FRAMEWORK_HEADER = YES;
				CLANG_WARN_RANGE_LOOP_ANALYSIS = YES;
				CLANG_WARN_STRICT_PROTOTYPES = YES;
				CLANG_WARN_SUSPICIOUS_MOVE = YES;
				CLANG_WARN_UNGUARDED_AVAILABILITY = YES_AGGRESSIVE;
				CLANG_WARN_UNREACHABLE_CODE = YES;
				CLANG_WARN__DUPLICATE_METHOD_MATCH = YES;
				COPY_PHASE_STRIP = NO;
				CURRENT_PROJECT_VERSION = 1;
				DEBUG_INFORMATION_FORMAT = dwarf;
				ENABLE_STRICT_OBJC_MSGSEND = YES;
				ENABLE_TESTABILITY = YES;
				GCC_C_LANGUAGE_STANDARD = gnu11;
				GCC_DYNAMIC_NO_PIC = NO;
				GCC_NO_COMMON_BLOCKS = YES;
				GCC_OPTIMIZATION_LEVEL = 0;
				GCC_PREPROCESSOR_DEFINITIONS = (
					"DEBUG=1",
					"$(inherited)",
				);
				GCC_WARN_64_TO_32_BIT_CONVERSION = YES;
				GCC_WARN_ABOUT_RETURN_TYPE = YES_ERROR;
				GCC_WARN_UNDECLARED_SELECTOR = YES;
				GCC_WARN_UNINITIALIZED_AUTOS = YES_AGGRESSIVE;
				GCC_WARN_UNUSED_FUNCTION = YES;
				GCC_WARN_UNUSED_VARIABLE = YES;
				IPHONEOS_DEPLOYMENT_TARGET = 16.4;
				MTL_ENABLE_DEBUG_INFO = INCLUDE_SOURCE;
				MTL_FAST_MATH = YES;
				ONLY_ACTIVE_ARCH = YES;
				SDKROOT = macosx;
				SWIFT_ACTIVE_COMPILATION_CONDITIONS = DEBUG;
				SWIFT_OPTIMIZATION_LEVEL = "-Onone";
				VERSIONING_SYSTEM = "apple-generic";
				VERSION_INFO_PREFIX = "";
			};
			name = Debug;
		};
		FF6D07032A84302300E349AF /* Release */ = {
			isa = XCBuildConfiguration;
			buildSettings = {
				ALWAYS_SEARCH_USER_PATHS = NO;
				CLANG_ANALYZER_NONNULL = YES;
				CLANG_ANALYZER_NUMBER_OBJECT_CONVERSION = YES_AGGRESSIVE;
				CLANG_CXX_LANGUAGE_STANDARD = "gnu++20";
				CLANG_ENABLE_MODULES = YES;
				CLANG_ENABLE_OBJC_ARC = YES;
				CLANG_ENABLE_OBJC_WEAK = YES;
				CLANG_WARN_BLOCK_CAPTURE_AUTORELEASING = YES;
				CLANG_WARN_BOOL_CONVERSION = YES;
				CLANG_WARN_COMMA = YES;
				CLANG_WARN_CONSTANT_CONVERSION = YES;
				CLANG_WARN_DEPRECATED_OBJC_IMPLEMENTATIONS = YES;
				CLANG_WARN_DIRECT_OBJC_ISA_USAGE = YES_ERROR;
				CLANG_WARN_DOCUMENTATION_COMMENTS = YES;
				CLANG_WARN_EMPTY_BODY = YES;
				CLANG_WARN_ENUM_CONVERSION = YES;
				CLANG_WARN_INFINITE_RECURSION = YES;
				CLANG_WARN_INT_CONVERSION = YES;
				CLANG_WARN_NON_LITERAL_NULL_CONVERSION = YES;
				CLANG_WARN_OBJC_IMPLICIT_RETAIN_SELF = YES;
				CLANG_WARN_OBJC_LITERAL_CONVERSION = YES;
				CLANG_WARN_OBJC_ROOT_CLASS = YES_ERROR;
				CLANG_WARN_QUOTED_INCLUDE_IN_FRAMEWORK_HEADER = YES;
				CLANG_WARN_RANGE_LOOP_ANALYSIS = YES;
				CLANG_WARN_STRICT_PROTOTYPES = YES;
				CLANG_WARN_SUSPICIOUS_MOVE = YES;
				CLANG_WARN_UNGUARDED_AVAILABILITY = YES_AGGRESSIVE;
				CLANG_WARN_UNREACHABLE_CODE = YES;
				CLANG_WARN__DUPLICATE_METHOD_MATCH = YES;
				COPY_PHASE_STRIP = NO;
				CURRENT_PROJECT_VERSION = 1;
				DEBUG_INFORMATION_FORMAT = "dwarf-with-dsym";
				ENABLE_NS_ASSERTIONS = NO;
				ENABLE_STRICT_OBJC_MSGSEND = YES;
				GCC_C_LANGUAGE_STANDARD = gnu11;
				GCC_NO_COMMON_BLOCKS = YES;
				GCC_WARN_64_TO_32_BIT_CONVERSION = YES;
				GCC_WARN_ABOUT_RETURN_TYPE = YES_ERROR;
				GCC_WARN_UNDECLARED_SELECTOR = YES;
				GCC_WARN_UNINITIALIZED_AUTOS = YES_AGGRESSIVE;
				GCC_WARN_UNUSED_FUNCTION = YES;
				GCC_WARN_UNUSED_VARIABLE = YES;
				IPHONEOS_DEPLOYMENT_TARGET = 16.4;
				MTL_ENABLE_DEBUG_INFO = NO;
				MTL_FAST_MATH = YES;
				SDKROOT = macosx;
				SWIFT_COMPILATION_MODE = wholemodule;
				SWIFT_OPTIMIZATION_LEVEL = "-O";
				VALIDATE_PRODUCT = YES;
				VERSIONING_SYSTEM = "apple-generic";
				VERSION_INFO_PREFIX = "";
			};
			name = Release;
		};
		FF6D07052A84302300E349AF /* Debug */ = {
			isa = XCBuildConfiguration;
			buildSettings = {
				CODE_SIGN_IDENTITY = "Apple Development";
				"CODE_SIGN_IDENTITY[sdk=macosx*]" = "-";
				CODE_SIGN_STYLE = Manual;
				CURRENT_PROJECT_VERSION = 1;
				DEFINES_MODULE = YES;
				DEVELOPMENT_TEAM = 3YSDH38TUD;
				DYLIB_COMPATIBILITY_VERSION = 1;
				DYLIB_CURRENT_VERSION = 1;
				DYLIB_INSTALL_NAME_BASE = "@rpath";
				ENABLE_MODULE_VERIFIER = YES;
				GENERATE_INFOPLIST_FILE = YES;
				INFOPLIST_KEY_NSHumanReadableCopyright = "";
				INSTALL_PATH = "$(LOCAL_LIBRARY_DIR)/Frameworks";
				LD_RUNPATH_SEARCH_PATHS = (
					"$(inherited)",
					"@executable_path/Frameworks",
					"@loader_path/Frameworks",
				);
				MACOSX_DEPLOYMENT_TARGET = 12.4;
				MARKETING_VERSION = 1.0;
				MODULE_VERIFIER_SUPPORTED_LANGUAGES = "objective-c objective-c++";
				MODULE_VERIFIER_SUPPORTED_LANGUAGE_STANDARDS = "gnu11 gnu++20";
				PRODUCT_BUNDLE_IDENTIFIER = mazvydask.EssentialFeed;
				PRODUCT_NAME = "$(TARGET_NAME:c99extidentifier)";
				PROVISIONING_PROFILE_SPECIFIER = "";
				SKIP_INSTALL = YES;
				SWIFT_EMIT_LOC_STRINGS = YES;
				SWIFT_VERSION = 5.0;
				TARGETED_DEVICE_FAMILY = "1,2";
			};
			name = Debug;
		};
		FF6D07062A84302300E349AF /* Release */ = {
			isa = XCBuildConfiguration;
			buildSettings = {
				CODE_SIGN_IDENTITY = "Apple Development";
				"CODE_SIGN_IDENTITY[sdk=macosx*]" = "-";
				CODE_SIGN_STYLE = Manual;
				CURRENT_PROJECT_VERSION = 1;
				DEFINES_MODULE = YES;
				DEVELOPMENT_TEAM = 3YSDH38TUD;
				DYLIB_COMPATIBILITY_VERSION = 1;
				DYLIB_CURRENT_VERSION = 1;
				DYLIB_INSTALL_NAME_BASE = "@rpath";
				ENABLE_MODULE_VERIFIER = YES;
				GENERATE_INFOPLIST_FILE = YES;
				INFOPLIST_KEY_NSHumanReadableCopyright = "";
				INSTALL_PATH = "$(LOCAL_LIBRARY_DIR)/Frameworks";
				LD_RUNPATH_SEARCH_PATHS = (
					"$(inherited)",
					"@executable_path/Frameworks",
					"@loader_path/Frameworks",
				);
				MACOSX_DEPLOYMENT_TARGET = 12.4;
				MARKETING_VERSION = 1.0;
				MODULE_VERIFIER_SUPPORTED_LANGUAGES = "objective-c objective-c++";
				MODULE_VERIFIER_SUPPORTED_LANGUAGE_STANDARDS = "gnu11 gnu++20";
				PRODUCT_BUNDLE_IDENTIFIER = mazvydask.EssentialFeed;
				PRODUCT_NAME = "$(TARGET_NAME:c99extidentifier)";
				PROVISIONING_PROFILE_SPECIFIER = "";
				SKIP_INSTALL = YES;
				SWIFT_EMIT_LOC_STRINGS = YES;
				SWIFT_VERSION = 5.0;
				TARGETED_DEVICE_FAMILY = "1,2";
			};
			name = Release;
		};
		FF6D07082A84302300E349AF /* Debug */ = {
			isa = XCBuildConfiguration;
			buildSettings = {
				ALWAYS_EMBED_SWIFT_STANDARD_LIBRARIES = YES;
				"CODE_SIGN_IDENTITY[sdk=macosx*]" = "-";
				CODE_SIGN_STYLE = Manual;
				CURRENT_PROJECT_VERSION = 1;
				DEVELOPMENT_TEAM = 3YSDH38TUD;
				GENERATE_INFOPLIST_FILE = YES;
				MACOSX_DEPLOYMENT_TARGET = 12.4;
				MARKETING_VERSION = 1.0;
				PRODUCT_BUNDLE_IDENTIFIER = mazvydask.EssentialFeedTests;
				PRODUCT_NAME = "$(TARGET_NAME)";
				SWIFT_EMIT_LOC_STRINGS = NO;
				SWIFT_VERSION = 5.0;
				TARGETED_DEVICE_FAMILY = "1,2";
			};
			name = Debug;
		};
		FF6D07092A84302300E349AF /* Release */ = {
			isa = XCBuildConfiguration;
			buildSettings = {
				ALWAYS_EMBED_SWIFT_STANDARD_LIBRARIES = YES;
				"CODE_SIGN_IDENTITY[sdk=macosx*]" = "-";
				CODE_SIGN_STYLE = Manual;
				CURRENT_PROJECT_VERSION = 1;
				DEVELOPMENT_TEAM = 3YSDH38TUD;
				GENERATE_INFOPLIST_FILE = YES;
				MACOSX_DEPLOYMENT_TARGET = 12.4;
				MARKETING_VERSION = 1.0;
				PRODUCT_BUNDLE_IDENTIFIER = mazvydask.EssentialFeedTests;
				PRODUCT_NAME = "$(TARGET_NAME)";
				SWIFT_EMIT_LOC_STRINGS = NO;
				SWIFT_VERSION = 5.0;
				TARGETED_DEVICE_FAMILY = "1,2";
			};
			name = Release;
		};
/* End XCBuildConfiguration section */

/* Begin XCConfigurationList section */
		FF5730A12A9BCEB6001698A8 /* Build configuration list for PBXNativeTarget "EssentialFeedEndToEndAPITests" */ = {
			isa = XCConfigurationList;
			buildConfigurations = (
				FF57309F2A9BCEB6001698A8 /* Debug */,
				FF5730A02A9BCEB6001698A8 /* Release */,
			);
			defaultConfigurationIsVisible = 0;
			defaultConfigurationName = Release;
		};
		FF6D06EA2A84302300E349AF /* Build configuration list for PBXProject "EssentialFeed" */ = {
			isa = XCConfigurationList;
			buildConfigurations = (
				FF6D07022A84302300E349AF /* Debug */,
				FF6D07032A84302300E349AF /* Release */,
			);
			defaultConfigurationIsVisible = 0;
			defaultConfigurationName = Release;
		};
		FF6D07042A84302300E349AF /* Build configuration list for PBXNativeTarget "EssentialFeed" */ = {
			isa = XCConfigurationList;
			buildConfigurations = (
				FF6D07052A84302300E349AF /* Debug */,
				FF6D07062A84302300E349AF /* Release */,
			);
			defaultConfigurationIsVisible = 0;
			defaultConfigurationName = Release;
		};
		FF6D07072A84302300E349AF /* Build configuration list for PBXNativeTarget "EssentialFeedTests" */ = {
			isa = XCConfigurationList;
			buildConfigurations = (
				FF6D07082A84302300E349AF /* Debug */,
				FF6D07092A84302300E349AF /* Release */,
			);
			defaultConfigurationIsVisible = 0;
			defaultConfigurationName = Release;
		};
/* End XCConfigurationList section */
	};
	rootObject = FF6D06E72A84302300E349AF /* Project object */;
}
